Microsoft Visual Studio Solution File, Format Version 12.00
# Visual Studio Version 17
VisualStudioVersion = 17.8.34330.188
MinimumVisualStudioVersion = 10.0.40219.1
Project("{9A19103F-16F7-4668-BE54-9A1E7A4F7556}") = "p3rpc.slplus", "p3rpc.slplus\p3rpc.slplus.csproj", "{6DCCA2F3-0CC4-41C0-BCB6-059039B49811}"
EndProject
Project("{9A19103F-16F7-4668-BE54-9A1E7A4F7556}") = "p3rpc.slplus.Interfaces", "p3rpc.slplus.Interfaces\p3rpc.slplus.Interfaces.csproj", "{592A9882-7D1B-4023-A2CF-13464384794D}"
EndProject
Global
	GlobalSection(SolutionConfigurationPlatforms) = preSolution
		Debug|Any CPU = Debug|Any CPU
		Release|Any CPU = Release|Any CPU
	EndGlobalSection
	GlobalSection(ProjectConfigurationPlatforms) = postSolution
		{6DCCA2F3-0CC4-41C0-BCB6-059039B49811}.Debug|Any CPU.ActiveCfg = Debug|Any CPU
		{6DCCA2F3-0CC4-41C0-BCB6-059039B49811}.Debug|Any CPU.Build.0 = Debug|Any CPU
		{6DCCA2F3-0CC4-41C0-BCB6-059039B49811}.Release|Any CPU.ActiveCfg = Release|Any CPU
		{6DCCA2F3-0CC4-41C0-BCB6-059039B49811}.Release|Any CPU.Build.0 = Release|Any CPU
		{592A9882-7D1B-4023-A2CF-13464384794D}.Debug|Any CPU.ActiveCfg = Debug|Any CPU
		{592A9882-7D1B-4023-A2CF-13464384794D}.Debug|Any CPU.Build.0 = Debug|Any CPU
		{592A9882-7D1B-4023-A2CF-13464384794D}.Release|Any CPU.ActiveCfg = Release|Any CPU
		{592A9882-7D1B-4023-A2CF-13464384794D}.Release|Any CPU.Build.0 = Release|Any CPU
	EndGlobalSection
	GlobalSection(SolutionProperties) = preSolution
		HideSolutionNode = FALSE
	EndGlobalSection
	GlobalSection(ExtensibilityGlobals) = postSolution
		SolutionGuid = {18239C85-CAE4-4134-BFAD-0895330CA0F7}
	EndGlobalSection
EndGlobal
